
Microsoft Visual Studio Solution File, Format Version 12.00
# Visual Studio Version 17
VisualStudioVersion = 17.12.35527.113
MinimumVisualStudioVersion = 10.0.40219.1
Project("{8BC9CEB8-8B4A-11D0-8D11-00A0C91BC942}") = "Common", "Common\Common.vcxproj", "{F87873B0-2B5D-4D52-8FD5-BE1CDC50B2E3}"
	ProjectSection(ProjectDependencies) = postProject
		{6BACB77C-22AE-479A-A5F4-94B3AB061800} = {6BACB77C-22AE-479A-A5F4-94B3AB061800}
	EndProjectSection
EndProject
Project("{8BC9CEB8-8B4A-11D0-8D11-00A0C91BC942}") = "Tools", "Tools\Tools.vcxproj", "{6BACB77C-22AE-479A-A5F4-94B3AB061800}"
EndProject
Project("{8BC9CEB8-8B4A-11D0-8D11-00A0C91BC942}") = "Grid", "Grid\Grid.vcxproj", "{4BE4C193-1EBB-47FC-AD47-7FEFC0AFB0E9}"
	ProjectSection(ProjectDependencies) = postProject
		{6BACB77C-22AE-479A-A5F4-94B3AB061800} = {6BACB77C-22AE-479A-A5F4-94B3AB061800}
		{F87873B0-2B5D-4D52-8FD5-BE1CDC50B2E3} = {F87873B0-2B5D-4D52-8FD5-BE1CDC50B2E3}
	EndProjectSection
EndProject
Project("{8BC9CEB8-8B4A-11D0-8D11-00A0C91BC942}") = "TestDbx", "TestDbx\TestDbx.vcxproj", "{7A96FD3C-868D-4BB1-A948-DA0C76AEFF12}"
	ProjectSection(ProjectDependencies) = postProject
		{14961AC1-45E9-43CC-9365-7FA03E244FCE} = {14961AC1-45E9-43CC-9365-7FA03E244FCE}
		{2FFFF468-7676-4618-97C3-36900B8A2F38} = {2FFFF468-7676-4618-97C3-36900B8A2F38}
		{3E60FEFC-1980-4B94-84E4-1CEB46B8B1A6} = {3E60FEFC-1980-4B94-84E4-1CEB46B8B1A6}
		{4BE4C193-1EBB-47FC-AD47-7FEFC0AFB0E9} = {4BE4C193-1EBB-47FC-AD47-7FEFC0AFB0E9}
		{6BACB77C-22AE-479A-A5F4-94B3AB061800} = {6BACB77C-22AE-479A-A5F4-94B3AB061800}
		{B5C4C52F-CEB2-4C8D-9BC7-45E129E696AD} = {B5C4C52F-CEB2-4C8D-9BC7-45E129E696AD}
		{D8296FCB-90E3-43C7-8A76-118466D5F3D8} = {D8296FCB-90E3-43C7-8A76-118466D5F3D8}
		{E6E51EA3-5FF9-4236-85BD-88AD3F9E3961} = {E6E51EA3-5FF9-4236-85BD-88AD3F9E3961}
		{F87873B0-2B5D-4D52-8FD5-BE1CDC50B2E3} = {F87873B0-2B5D-4D52-8FD5-BE1CDC50B2E3}
	EndProjectSection
EndProject
Project("{8BC9CEB8-8B4A-11D0-8D11-00A0C91BC942}") = "CustomPillar", "CustomPillar\CustomPillar.vcxproj", "{D8296FCB-90E3-43C7-8A76-118466D5F3D8}"
	ProjectSection(ProjectDependencies) = postProject
		{6BACB77C-22AE-479A-A5F4-94B3AB061800} = {6BACB77C-22AE-479A-A5F4-94B3AB061800}
		{F87873B0-2B5D-4D52-8FD5-BE1CDC50B2E3} = {F87873B0-2B5D-4D52-8FD5-BE1CDC50B2E3}
	EndProjectSection
EndProject
Project("{8BC9CEB8-8B4A-11D0-8D11-00A0C91BC942}") = "InteractiveTools", "InteractiveTools\InteractiveTools.vcxproj", "{14961AC1-45E9-43CC-9365-7FA03E244FCE}"
	ProjectSection(ProjectDependencies) = postProject
		{6BACB77C-22AE-479A-A5F4-94B3AB061800} = {6BACB77C-22AE-479A-A5F4-94B3AB061800}
	EndProjectSection
EndProject
Project("{8BC9CEB8-8B4A-11D0-8D11-00A0C91BC942}") = "CustomBeam", "CustomBeam\CustomBeam.vcxproj", "{E6E51EA3-5FF9-4236-85BD-88AD3F9E3961}"
	ProjectSection(ProjectDependencies) = postProject
		{14961AC1-45E9-43CC-9365-7FA03E244FCE} = {14961AC1-45E9-43CC-9365-7FA03E244FCE}
		{6BACB77C-22AE-479A-A5F4-94B3AB061800} = {6BACB77C-22AE-479A-A5F4-94B3AB061800}
		{D8296FCB-90E3-43C7-8A76-118466D5F3D8} = {D8296FCB-90E3-43C7-8A76-118466D5F3D8}
		{F87873B0-2B5D-4D52-8FD5-BE1CDC50B2E3} = {F87873B0-2B5D-4D52-8FD5-BE1CDC50B2E3}
	EndProjectSection
EndProject
Project("{8BC9CEB8-8B4A-11D0-8D11-00A0C91BC942}") = "CustomBeamUi", "CustomBeamUi\CustomBeamUi.vcxproj", "{89F5AFDC-C1F3-49A7-ACFA-DE2FC94A7D8E}"
	ProjectSection(ProjectDependencies) = postProject
		{6BACB77C-22AE-479A-A5F4-94B3AB061800} = {6BACB77C-22AE-479A-A5F4-94B3AB061800}
		{D8296FCB-90E3-43C7-8A76-118466D5F3D8} = {D8296FCB-90E3-43C7-8A76-118466D5F3D8}
		{E6E51EA3-5FF9-4236-85BD-88AD3F9E3961} = {E6E51EA3-5FF9-4236-85BD-88AD3F9E3961}
		{F87873B0-2B5D-4D52-8FD5-BE1CDC50B2E3} = {F87873B0-2B5D-4D52-8FD5-BE1CDC50B2E3}
	EndProjectSection
EndProject
Project("{8BC9CEB8-8B4A-11D0-8D11-00A0C91BC942}") = "CustomPillarUi", "CustomPillarUi\CustomPillarUi.vcxproj", "{C982EDAC-6E99-45E2-B9F4-09B62BC7BC9F}"
	ProjectSection(ProjectDependencies) = postProject
		{6BACB77C-22AE-479A-A5F4-94B3AB061800} = {6BACB77C-22AE-479A-A5F4-94B3AB061800}
		{D8296FCB-90E3-43C7-8A76-118466D5F3D8} = {D8296FCB-90E3-43C7-8A76-118466D5F3D8}
		{F87873B0-2B5D-4D52-8FD5-BE1CDC50B2E3} = {F87873B0-2B5D-4D52-8FD5-BE1CDC50B2E3}
	EndProjectSection
EndProject
Project("{8BC9CEB8-8B4A-11D0-8D11-00A0C91BC942}") = "EntityReactor", "EntityReactor\EntityReactor.vcxproj", "{B5C4C52F-CEB2-4C8D-9BC7-45E129E696AD}"
EndProject
Project("{8BC9CEB8-8B4A-11D0-8D11-00A0C91BC942}") = "IchnographicRepresentingMethod", "IchnographicRepresentingMethod\IchnographicRepresentingMethod.vcxproj", "{2FFFF468-7676-4618-97C3-36900B8A2F38}"
	ProjectSection(ProjectDependencies) = postProject
		{6BACB77C-22AE-479A-A5F4-94B3AB061800} = {6BACB77C-22AE-479A-A5F4-94B3AB061800}
		{E6E51EA3-5FF9-4236-85BD-88AD3F9E3961} = {E6E51EA3-5FF9-4236-85BD-88AD3F9E3961}
		{F87873B0-2B5D-4D52-8FD5-BE1CDC50B2E3} = {F87873B0-2B5D-4D52-8FD5-BE1CDC50B2E3}
	EndProjectSection
EndProject
Project("{8BC9CEB8-8B4A-11D0-8D11-00A0C91BC942}") = "IRMUi", "IRMUi\IRMUi.vcxproj", "{41A0AFF5-28E1-4F0A-90F9-745C809D867F}"
	ProjectSection(ProjectDependencies) = postProject
		{14961AC1-45E9-43CC-9365-7FA03E244FCE} = {14961AC1-45E9-43CC-9365-7FA03E244FCE}
		{2FFFF468-7676-4618-97C3-36900B8A2F38} = {2FFFF468-7676-4618-97C3-36900B8A2F38}
		{6BACB77C-22AE-479A-A5F4-94B3AB061800} = {6BACB77C-22AE-479A-A5F4-94B3AB061800}
		{D8296FCB-90E3-43C7-8A76-118466D5F3D8} = {D8296FCB-90E3-43C7-8A76-118466D5F3D8}
		{E6E51EA3-5FF9-4236-85BD-88AD3F9E3961} = {E6E51EA3-5FF9-4236-85BD-88AD3F9E3961}
		{F87873B0-2B5D-4D52-8FD5-BE1CDC50B2E3} = {F87873B0-2B5D-4D52-8FD5-BE1CDC50B2E3}
	EndProjectSection
EndProject
Project("{8BC9CEB8-8B4A-11D0-8D11-00A0C91BC942}") = "CustomEntityIntersection", "CustomEntityIntersection\CustomEntityIntersection.vcxproj", "{3E60FEFC-1980-4B94-84E4-1CEB46B8B1A6}"
	ProjectSection(ProjectDependencies) = postProject
		{6BACB77C-22AE-479A-A5F4-94B3AB061800} = {6BACB77C-22AE-479A-A5F4-94B3AB061800}
		{F87873B0-2B5D-4D52-8FD5-BE1CDC50B2E3} = {F87873B0-2B5D-4D52-8FD5-BE1CDC50B2E3}
	EndProjectSection
EndProject
Project("{8BC9CEB8-8B4A-11D0-8D11-00A0C91BC942}") = "CustomWall", "CustomWall\CustomWall.vcxproj", "{01C6B378-6576-42F7-9C66-FDBD190067F1}"
	ProjectSection(ProjectDependencies) = postProject
		{6BACB77C-22AE-479A-A5F4-94B3AB061800} = {6BACB77C-22AE-479A-A5F4-94B3AB061800}
		{F87873B0-2B5D-4D52-8FD5-BE1CDC50B2E3} = {F87873B0-2B5D-4D52-8FD5-BE1CDC50B2E3}
	EndProjectSection
EndProject
Project("{8BC9CEB8-8B4A-11D0-8D11-00A0C91BC942}") = "InsertDwgUi", "InsertDwgUi\InsertDwgUi.vcxproj", "{ADBE7E00-0D16-4DD0-B56D-ACA57084850F}"
EndProject
Project("{8BC9CEB8-8B4A-11D0-8D11-00A0C91BC942}") = "PaletteUi", "PaletteUi\PaletteUi.vcxproj", "{5CD49382-133B-4D35-968A-0A28ECF4278D}"
EndProject
Project("{8BC9CEB8-8B4A-11D0-8D11-00A0C91BC942}") = "DockControlBarUi", "DockControlBarUi\DockControlBarUi.vcxproj", "{1ABF6661-2002-4456-BAD0-E6E410137B17}"
EndProject
Project("{8BC9CEB8-8B4A-11D0-8D11-00A0C91BC942}") = "COMClass", "COMClass\COMClass.vcxproj", "{22F39CB9-A33C-4B03-9CBF-D0F25310631D}"
EndProject
Project("{8BC9CEB8-8B4A-11D0-8D11-00A0C91BC942}") = "COMMenu", "COMMenu\COMMenu.vcxproj", "{3541DCCA-DB98-466D-934C-C9D6EAF0083D}"
EndProject
Project("{8BC9CEB8-8B4A-11D0-8D11-00A0C91BC942}") = "MenuBarUi", "MenuBarUi\MenuBarUi.vcxproj", "{9B6D86FB-DCF5-4100-A149-5533FADFA2A2}"
EndProject
Global
	GlobalSection(SolutionConfigurationPlatforms) = preSolution
		Debug|x64 = Debug|x64
		Release|x64 = Release|x64
	EndGlobalSection
	GlobalSection(ProjectConfigurationPlatforms) = postSolution
		{F87873B0-2B5D-4D52-8FD5-BE1CDC50B2E3}.Debug|x64.ActiveCfg = Debug|x64
		{F87873B0-2B5D-4D52-8FD5-BE1CDC50B2E3}.Debug|x64.Build.0 = Debug|x64
		{F87873B0-2B5D-4D52-8FD5-BE1CDC50B2E3}.Release|x64.ActiveCfg = Release|x64
		{F87873B0-2B5D-4D52-8FD5-BE1CDC50B2E3}.Release|x64.Build.0 = Release|x64
		{6BACB77C-22AE-479A-A5F4-94B3AB061800}.Debug|x64.ActiveCfg = Debug|x64
		{6BACB77C-22AE-479A-A5F4-94B3AB061800}.Debug|x64.Build.0 = Debug|x64
		{6BACB77C-22AE-479A-A5F4-94B3AB061800}.Release|x64.ActiveCfg = Release|x64
		{6BACB77C-22AE-479A-A5F4-94B3AB061800}.Release|x64.Build.0 = Release|x64
		{4BE4C193-1EBB-47FC-AD47-7FEFC0AFB0E9}.Debug|x64.ActiveCfg = Debug|x64
		{4BE4C193-1EBB-47FC-AD47-7FEFC0AFB0E9}.Debug|x64.Build.0 = Debug|x64
		{4BE4C193-1EBB-47FC-AD47-7FEFC0AFB0E9}.Release|x64.ActiveCfg = Release|x64
		{4BE4C193-1EBB-47FC-AD47-7FEFC0AFB0E9}.Release|x64.Build.0 = Release|x64
		{7A96FD3C-868D-4BB1-A948-DA0C76AEFF12}.Debug|x64.ActiveCfg = Debug|x64
		{7A96FD3C-868D-4BB1-A948-DA0C76AEFF12}.Debug|x64.Build.0 = Debug|x64
		{7A96FD3C-868D-4BB1-A948-DA0C76AEFF12}.Release|x64.ActiveCfg = Release|x64
		{7A96FD3C-868D-4BB1-A948-DA0C76AEFF12}.Release|x64.Build.0 = Release|x64
		{D8296FCB-90E3-43C7-8A76-118466D5F3D8}.Debug|x64.ActiveCfg = Debug|x64
		{D8296FCB-90E3-43C7-8A76-118466D5F3D8}.Debug|x64.Build.0 = Debug|x64
		{D8296FCB-90E3-43C7-8A76-118466D5F3D8}.Release|x64.ActiveCfg = Release|x64
		{D8296FCB-90E3-43C7-8A76-118466D5F3D8}.Release|x64.Build.0 = Release|x64
		{14961AC1-45E9-43CC-9365-7FA03E244FCE}.Debug|x64.ActiveCfg = Debug|x64
		{14961AC1-45E9-43CC-9365-7FA03E244FCE}.Debug|x64.Build.0 = Debug|x64
		{14961AC1-45E9-43CC-9365-7FA03E244FCE}.Release|x64.ActiveCfg = Release|x64
		{14961AC1-45E9-43CC-9365-7FA03E244FCE}.Release|x64.Build.0 = Release|x64
		{E6E51EA3-5FF9-4236-85BD-88AD3F9E3961}.Debug|x64.ActiveCfg = Debug|x64
		{E6E51EA3-5FF9-4236-85BD-88AD3F9E3961}.Debug|x64.Build.0 = Debug|x64
		{E6E51EA3-5FF9-4236-85BD-88AD3F9E3961}.Release|x64.ActiveCfg = Release|x64
		{E6E51EA3-5FF9-4236-85BD-88AD3F9E3961}.Release|x64.Build.0 = Release|x64
		{89F5AFDC-C1F3-49A7-ACFA-DE2FC94A7D8E}.Debug|x64.ActiveCfg = Debug|x64
		{89F5AFDC-C1F3-49A7-ACFA-DE2FC94A7D8E}.Debug|x64.Build.0 = Debug|x64
		{89F5AFDC-C1F3-49A7-ACFA-DE2FC94A7D8E}.Release|x64.ActiveCfg = Release|x64
		{89F5AFDC-C1F3-49A7-ACFA-DE2FC94A7D8E}.Release|x64.Build.0 = Release|x64
		{C982EDAC-6E99-45E2-B9F4-09B62BC7BC9F}.Debug|x64.ActiveCfg = Debug|x64
		{C982EDAC-6E99-45E2-B9F4-09B62BC7BC9F}.Debug|x64.Build.0 = Debug|x64
		{C982EDAC-6E99-45E2-B9F4-09B62BC7BC9F}.Release|x64.ActiveCfg = Release|x64
		{C982EDAC-6E99-45E2-B9F4-09B62BC7BC9F}.Release|x64.Build.0 = Release|x64
		{B5C4C52F-CEB2-4C8D-9BC7-45E129E696AD}.Debug|x64.ActiveCfg = Debug|x64
		{B5C4C52F-CEB2-4C8D-9BC7-45E129E696AD}.Debug|x64.Build.0 = Debug|x64
		{B5C4C52F-CEB2-4C8D-9BC7-45E129E696AD}.Release|x64.ActiveCfg = Release|x64
		{B5C4C52F-CEB2-4C8D-9BC7-45E129E696AD}.Release|x64.Build.0 = Release|x64
		{2FFFF468-7676-4618-97C3-36900B8A2F38}.Debug|x64.ActiveCfg = Debug|x64
		{2FFFF468-7676-4618-97C3-36900B8A2F38}.Debug|x64.Build.0 = Debug|x64
		{2FFFF468-7676-4618-97C3-36900B8A2F38}.Release|x64.ActiveCfg = Release|x64
		{2FFFF468-7676-4618-97C3-36900B8A2F38}.Release|x64.Build.0 = Release|x64
		{41A0AFF5-28E1-4F0A-90F9-745C809D867F}.Debug|x64.ActiveCfg = Debug|x64
		{41A0AFF5-28E1-4F0A-90F9-745C809D867F}.Debug|x64.Build.0 = Debug|x64
		{41A0AFF5-28E1-4F0A-90F9-745C809D867F}.Release|x64.ActiveCfg = Release|x64
		{41A0AFF5-28E1-4F0A-90F9-745C809D867F}.Release|x64.Build.0 = Release|x64
		{3E60FEFC-1980-4B94-84E4-1CEB46B8B1A6}.Debug|x64.ActiveCfg = Debug|x64
		{3E60FEFC-1980-4B94-84E4-1CEB46B8B1A6}.Debug|x64.Build.0 = Debug|x64
		{3E60FEFC-1980-4B94-84E4-1CEB46B8B1A6}.Release|x64.ActiveCfg = Release|x64
		{3E60FEFC-1980-4B94-84E4-1CEB46B8B1A6}.Release|x64.Build.0 = Release|x64
		{01C6B378-6576-42F7-9C66-FDBD190067F1}.Debug|x64.ActiveCfg = Debug|x64
		{01C6B378-6576-42F7-9C66-FDBD190067F1}.Debug|x64.Build.0 = Debug|x64
		{01C6B378-6576-42F7-9C66-FDBD190067F1}.Release|x64.ActiveCfg = Release|x64
		{01C6B378-6576-42F7-9C66-FDBD190067F1}.Release|x64.Build.0 = Release|x64
		{ADBE7E00-0D16-4DD0-B56D-ACA57084850F}.Debug|x64.ActiveCfg = Debug|x64
		{ADBE7E00-0D16-4DD0-B56D-ACA57084850F}.Debug|x64.Build.0 = Debug|x64
		{ADBE7E00-0D16-4DD0-B56D-ACA57084850F}.Release|x64.ActiveCfg = Release|x64
		{ADBE7E00-0D16-4DD0-B56D-ACA57084850F}.Release|x64.Build.0 = Release|x64
		{5CD49382-133B-4D35-968A-0A28ECF4278D}.Debug|x64.ActiveCfg = Debug|x64
		{5CD49382-133B-4D35-968A-0A28ECF4278D}.Debug|x64.Build.0 = Debug|x64
		{5CD49382-133B-4D35-968A-0A28ECF4278D}.Release|x64.ActiveCfg = Release|x64
		{5CD49382-133B-4D35-968A-0A28ECF4278D}.Release|x64.Build.0 = Release|x64
		{1ABF6661-2002-4456-BAD0-E6E410137B17}.Debug|x64.ActiveCfg = Debug|x64
		{1ABF6661-2002-4456-BAD0-E6E410137B17}.Debug|x64.Build.0 = Debug|x64
		{1ABF6661-2002-4456-BAD0-E6E410137B17}.Release|x64.ActiveCfg = Release|x64
		{1ABF6661-2002-4456-BAD0-E6E410137B17}.Release|x64.Build.0 = Release|x64
		{22F39CB9-A33C-4B03-9CBF-D0F25310631D}.Debug|x64.ActiveCfg = Debug|x64
		{22F39CB9-A33C-4B03-9CBF-D0F25310631D}.Debug|x64.Build.0 = Debug|x64
		{22F39CB9-A33C-4B03-9CBF-D0F25310631D}.Release|x64.ActiveCfg = Release|x64
		{22F39CB9-A33C-4B03-9CBF-D0F25310631D}.Release|x64.Build.0 = Release|x64
		{3541DCCA-DB98-466D-934C-C9D6EAF0083D}.Debug|x64.ActiveCfg = Debug|x64
		{3541DCCA-DB98-466D-934C-C9D6EAF0083D}.Debug|x64.Build.0 = Debug|x64
		{3541DCCA-DB98-466D-934C-C9D6EAF0083D}.Release|x64.ActiveCfg = Release|x64
		{3541DCCA-DB98-466D-934C-C9D6EAF0083D}.Release|x64.Build.0 = Release|x64
		{9B6D86FB-DCF5-4100-A149-5533FADFA2A2}.Debug|x64.ActiveCfg = Debug|x64
		{9B6D86FB-DCF5-4100-A149-5533FADFA2A2}.Debug|x64.Build.0 = Debug|x64
		{9B6D86FB-DCF5-4100-A149-5533FADFA2A2}.Release|x64.ActiveCfg = Release|x64
		{9B6D86FB-DCF5-4100-A149-5533FADFA2A2}.Release|x64.Build.0 = Release|x64
	EndGlobalSection
	GlobalSection(SolutionProperties) = preSolution
		HideSolutionNode = FALSE
	EndGlobalSection
	GlobalSection(ExtensibilityGlobals) = postSolution
		SolutionGuid = {D2FA381E-C112-4400-96DE-640DDC9F47CE}
	EndGlobalSection
EndGlobal
